{
  "pins" : [
    {
      "identity" : "snabble-network-ios-sdk",
      "kind" : "remoteSourceControl",
      "location" : "https://github.com/snabble/snabble-network-ios-sdk",
      "state" : {
        "branch" : "user-codable",
        "revision" : "036c829c233fa0287c4961200eff596c859797fd"
      }
    },
    {
      "identity" : "swift-crypto",
      "kind" : "remoteSourceControl",
      "location" : "https://github.com/apple/swift-crypto.git",
      "state" : {
        "revision" : "cc76b894169a3c86b71bac10c78a4db6beb7a9ad",
        "version" : "3.2.0"
      }
    },
    {
      "identity" : "swiftotp",
      "kind" : "remoteSourceControl",
      "location" : "https://github.com/lachlanbell/SwiftOTP",
      "state" : {
        "revision" : "9660551ea3df153c3cbacfa34ac3abbec73a8b84",
        "version" : "3.0.2"
      }
    }
  ],
  "version" : 2
}
