// !$*UTF8*$!
{
	archiveVersion = 1;
	classes = {
	};
	objectVersion = 56;
	objects = {

/* Begin PBXBuildFile section */
		765914F92A0A5B0800A610BC /* SnabblePhoneAuth in Frameworks */ = {isa = PBXBuildFile; productRef = 765914F82A0A5B0800A610BC /* SnabblePhoneAuth */; };
		765915242A0A70BB00A610BC /* ButtonStyles.swift in Sources */ = {isa = PBXBuildFile; fileRef = 765915232A0A70BB00A610BC /* ButtonStyles.swift */; };
		765915252A0A70BB00A610BC /* EnterPhoneNumberView.swift in Sources */ = {isa = PBXBuildFile; fileRef = 7659151E2A0A70BB00A610BC /* EnterPhoneNumberView.swift */; };
		765915262A0A70BB00A610BC /* RequestCodeButton.swift in Sources */ = {isa = PBXBuildFile; fileRef = 7659151F2A0A70BB00A610BC /* RequestCodeButton.swift */; };
		765915272A0A70BB00A610BC /* DebugView.swift in Sources */ = {isa = PBXBuildFile; fileRef = 765915222A0A70BB00A610BC /* DebugView.swift */; };
		765915282A0A70BB00A610BC /* EnterCodeView.swift in Sources */ = {isa = PBXBuildFile; fileRef = 7659151D2A0A70BB00A610BC /* EnterCodeView.swift */; };
		765915292A0A70BB00A610BC /* CountryCallingCodeView.swift in Sources */ = {isa = PBXBuildFile; fileRef = 765915212A0A70BB00A610BC /* CountryCallingCodeView.swift */; };
		7659152A2A0A70BB00A610BC /* CountDownView.swift in Sources */ = {isa = PBXBuildFile; fileRef = 765915202A0A70BB00A610BC /* CountDownView.swift */; };
		7691BA9B2976C3F400477EDD /* PhoneLoginApp.swift in Sources */ = {isa = PBXBuildFile; fileRef = 7691BA9A2976C3F400477EDD /* PhoneLoginApp.swift */; };
		7691BA9F2976C3F500477EDD /* Assets.xcassets in Resources */ = {isa = PBXBuildFile; fileRef = 7691BA9E2976C3F500477EDD /* Assets.xcassets */; };
		7691BAA32976C3F500477EDD /* Preview Assets.xcassets in Resources */ = {isa = PBXBuildFile; fileRef = 7691BAA22976C3F500477EDD /* Preview Assets.xcassets */; };
		76A9F7202A09272200C162B1 /* SnabbleConfig.swift in Sources */ = {isa = PBXBuildFile; fileRef = 76A9F71F2A09272100C162B1 /* SnabbleConfig.swift */; };
		76A9F7242A0A56DA00C162B1 /* ContentView.swift in Sources */ = {isa = PBXBuildFile; fileRef = 76A9F7232A0A56DA00C162B1 /* ContentView.swift */; };
/* End PBXBuildFile section */

/* Begin PBXContainerItemProxy section */
		E172254C2A0BB8A900377187 /* PBXContainerItemProxy */ = {
			isa = PBXContainerItemProxy;
			containerPortal = 7691BA8F2976C3F400477EDD /* Project object */;
			proxyType = 1;
			remoteGlobalIDString = 7691BA962976C3F400477EDD;
			remoteInfo = PhoneLogin;
		};
/* End PBXContainerItemProxy section */

/* Begin PBXFileReference section */
		7659151D2A0A70BB00A610BC /* EnterCodeView.swift */ = {isa = PBXFileReference; lastKnownFileType = sourcecode.swift; path = EnterCodeView.swift; sourceTree = "<group>"; };
		7659151E2A0A70BB00A610BC /* EnterPhoneNumberView.swift */ = {isa = PBXFileReference; lastKnownFileType = sourcecode.swift; path = EnterPhoneNumberView.swift; sourceTree = "<group>"; };
		7659151F2A0A70BB00A610BC /* RequestCodeButton.swift */ = {isa = PBXFileReference; lastKnownFileType = sourcecode.swift; path = RequestCodeButton.swift; sourceTree = "<group>"; };
		765915202A0A70BB00A610BC /* CountDownView.swift */ = {isa = PBXFileReference; lastKnownFileType = sourcecode.swift; path = CountDownView.swift; sourceTree = "<group>"; };
		765915212A0A70BB00A610BC /* CountryCallingCodeView.swift */ = {isa = PBXFileReference; lastKnownFileType = sourcecode.swift; path = CountryCallingCodeView.swift; sourceTree = "<group>"; };
		765915222A0A70BB00A610BC /* DebugView.swift */ = {isa = PBXFileReference; lastKnownFileType = sourcecode.swift; path = DebugView.swift; sourceTree = "<group>"; };
		765915232A0A70BB00A610BC /* ButtonStyles.swift */ = {isa = PBXFileReference; lastKnownFileType = sourcecode.swift; path = ButtonStyles.swift; sourceTree = "<group>"; };
		768915E12A0129C100C4799A /* Info.plist */ = {isa = PBXFileReference; lastKnownFileType = text.plist; path = Info.plist; sourceTree = "<group>"; };
		7691BA972976C3F400477EDD /* PhoneLogin.app */ = {isa = PBXFileReference; explicitFileType = wrapper.application; includeInIndex = 0; path = PhoneLogin.app; sourceTree = BUILT_PRODUCTS_DIR; };
		7691BA9A2976C3F400477EDD /* PhoneLoginApp.swift */ = {isa = PBXFileReference; lastKnownFileType = sourcecode.swift; path = PhoneLoginApp.swift; sourceTree = "<group>"; };
		7691BA9E2976C3F500477EDD /* Assets.xcassets */ = {isa = PBXFileReference; lastKnownFileType = folder.assetcatalog; path = Assets.xcassets; sourceTree = "<group>"; };
		7691BAA02976C3F500477EDD /* PhoneLogin.entitlements */ = {isa = PBXFileReference; lastKnownFileType = text.plist.entitlements; path = PhoneLogin.entitlements; sourceTree = "<group>"; };
		7691BAA22976C3F500477EDD /* Preview Assets.xcassets */ = {isa = PBXFileReference; lastKnownFileType = folder.assetcatalog; path = "Preview Assets.xcassets"; sourceTree = "<group>"; };
		76A9F71F2A09272100C162B1 /* SnabbleConfig.swift */ = {isa = PBXFileReference; fileEncoding = 4; lastKnownFileType = sourcecode.swift; path = SnabbleConfig.swift; sourceTree = "<group>"; };
		76A9F7222A0A563C00C162B1 /* snabble-phoneauth-ios-sdk */ = {isa = PBXFileReference; lastKnownFileType = wrapper; name = "snabble-phoneauth-ios-sdk"; path = ..; sourceTree = "<group>"; };
		76A9F7232A0A56DA00C162B1 /* ContentView.swift */ = {isa = PBXFileReference; fileEncoding = 4; lastKnownFileType = sourcecode.swift; path = ContentView.swift; sourceTree = "<group>"; };
/* End PBXFileReference section */

/* Begin PBXFrameworksBuildPhase section */
		7691BA942976C3F400477EDD /* Frameworks */ = {
			isa = PBXFrameworksBuildPhase;
			buildActionMask = 2147483647;
			files = (
				765914F92A0A5B0800A610BC /* SnabblePhoneAuth in Frameworks */,
			);
			runOnlyForDeploymentPostprocessing = 0;
		};
		E17225452A0BB8A900377187 /* Frameworks */ = {
			isa = PBXFrameworksBuildPhase;
			buildActionMask = 2147483647;
			files = (
			);
			runOnlyForDeploymentPostprocessing = 0;
		};
/* End PBXFrameworksBuildPhase section */

/* Begin PBXGroup section */
		763438EC2A01079B00C99AD5 /* Views */ = {
			isa = PBXGroup;
			children = (
				765915232A0A70BB00A610BC /* ButtonStyles.swift */,
				765915202A0A70BB00A610BC /* CountDownView.swift */,
				765915212A0A70BB00A610BC /* CountryCallingCodeView.swift */,
				765915222A0A70BB00A610BC /* DebugView.swift */,
				7659151D2A0A70BB00A610BC /* EnterCodeView.swift */,
				7659151E2A0A70BB00A610BC /* EnterPhoneNumberView.swift */,
				7659151F2A0A70BB00A610BC /* RequestCodeButton.swift */,
				76A9F7232A0A56DA00C162B1 /* ContentView.swift */,
			);
			path = Views;
			sourceTree = "<group>";
		};
		768915DE2A010BA500C4799A /* Frameworks */ = {
			isa = PBXGroup;
			children = (
			);
			name = Frameworks;
			sourceTree = "<group>";
		};
		7691BA8E2976C3F400477EDD = {
			isa = PBXGroup;
			children = (
				76A9F7212A0A563C00C162B1 /* Packages */,
				7691BA992976C3F400477EDD /* PhoneLogin */,
				E17225492A0BB8A900377187 /* PhoneLoginTests */,
				7691BA982976C3F400477EDD /* Products */,
				768915DE2A010BA500C4799A /* Frameworks */,
			);
			sourceTree = "<group>";
		};
		7691BA982976C3F400477EDD /* Products */ = {
			isa = PBXGroup;
			children = (
				7691BA972976C3F400477EDD /* PhoneLogin.app */,
				E17225482A0BB8A900377187 /* PhoneLoginTests.xctest */,
			);
			name = Products;
			sourceTree = "<group>";
		};
		7691BA992976C3F400477EDD /* PhoneLogin */ = {
			isa = PBXGroup;
			children = (
				768915E12A0129C100C4799A /* Info.plist */,
				7691BA9A2976C3F400477EDD /* PhoneLoginApp.swift */,
				76A9F71F2A09272100C162B1 /* SnabbleConfig.swift */,
				763438EC2A01079B00C99AD5 /* Views */,
				7691BA9E2976C3F500477EDD /* Assets.xcassets */,
				7691BAA02976C3F500477EDD /* PhoneLogin.entitlements */,
				7691BAA12976C3F500477EDD /* Preview Content */,
			);
			path = PhoneLogin;
			sourceTree = "<group>";
		};
		7691BAA12976C3F500477EDD /* Preview Content */ = {
			isa = PBXGroup;
			children = (
				7691BAA22976C3F500477EDD /* Preview Assets.xcassets */,
			);
			path = "Preview Content";
			sourceTree = "<group>";
		};
		76A9F7212A0A563C00C162B1 /* Packages */ = {
			isa = PBXGroup;
			children = (
				76A9F7222A0A563C00C162B1 /* snabble-phoneauth-ios-sdk */,
			);
			name = Packages;
			sourceTree = "<group>";
		};
/* End PBXGroup section */

/* Begin PBXNativeTarget section */
		7691BA962976C3F400477EDD /* PhoneLogin */ = {
			isa = PBXNativeTarget;
			buildConfigurationList = 7691BAA62976C3F500477EDD /* Build configuration list for PBXNativeTarget "PhoneLogin" */;
			buildPhases = (
				7691BA932976C3F400477EDD /* Sources */,
				7691BA942976C3F400477EDD /* Frameworks */,
				7691BA952976C3F400477EDD /* Resources */,
			);
			buildRules = (
			);
			dependencies = (
				E17225432A0BB6A000377187 /* PBXTargetDependency */,
			);
			name = PhoneLogin;
			packageProductDependencies = (
				765914F82A0A5B0800A610BC /* SnabblePhoneAuth */,
			);
			productName = PhoneLogin;
			productReference = 7691BA972976C3F400477EDD /* PhoneLogin.app */;
			productType = "com.apple.product-type.application";
		};
		E17225472A0BB8A900377187 /* PhoneLoginTests */ = {
			isa = PBXNativeTarget;
			buildConfigurationList = E17225502A0BB8A900377187 /* Build configuration list for PBXNativeTarget "PhoneLoginTests" */;
			buildPhases = (
				E17225442A0BB8A900377187 /* Sources */,
				E17225452A0BB8A900377187 /* Frameworks */,
				E17225462A0BB8A900377187 /* Resources */,
			);
			buildRules = (
			);
			dependencies = (
				E172254D2A0BB8A900377187 /* PBXTargetDependency */,
			);
			name = PhoneLoginTests;
			productName = PhoneLoginTests;
			productReference = E17225482A0BB8A900377187 /* PhoneLoginTests.xctest */;
			productType = "com.apple.product-type.bundle.unit-test";
		};
/* End PBXNativeTarget section */

/* Begin PBXProject section */
		7691BA8F2976C3F400477EDD /* Project object */ = {
			isa = PBXProject;
			attributes = {
				BuildIndependentTargetsInParallel = 1;
				LastSwiftUpdateCheck = 1420;
				LastUpgradeCheck = 1430;
				TargetAttributes = {
					7691BA962976C3F400477EDD = {
						CreatedOnToolsVersion = 14.2;
					};
					E17225472A0BB8A900377187 = {
						CreatedOnToolsVersion = 14.3;
						TestTargetID = 7691BA962976C3F400477EDD;
					};
				};
			};
			buildConfigurationList = 7691BA922976C3F400477EDD /* Build configuration list for PBXProject "PhoneLogin" */;
			compatibilityVersion = "Xcode 14.0";
			developmentRegion = en;
			hasScannedForEncodings = 0;
			knownRegions = (
				en,
				Base,
			);
			mainGroup = 7691BA8E2976C3F400477EDD;
			packageReferences = (
				E17225412A0BB69500377187 /* XCRemoteSwiftPackageReference "SwiftLint" */,
			);
			productRefGroup = 7691BA982976C3F400477EDD /* Products */;
			projectDirPath = "";
			projectRoot = "";
			targets = (
				7691BA962976C3F400477EDD /* PhoneLogin */,
				E17225472A0BB8A900377187 /* PhoneLoginTests */,
			);
		};
/* End PBXProject section */

/* Begin PBXResourcesBuildPhase section */
		7691BA952976C3F400477EDD /* Resources */ = {
			isa = PBXResourcesBuildPhase;
			buildActionMask = 2147483647;
			files = (
				7691BAA32976C3F500477EDD /* Preview Assets.xcassets in Resources */,
				7691BA9F2976C3F500477EDD /* Assets.xcassets in Resources */,
			);
			runOnlyForDeploymentPostprocessing = 0;
		};
		E17225462A0BB8A900377187 /* Resources */ = {
			isa = PBXResourcesBuildPhase;
			buildActionMask = 2147483647;
			files = (
			);
			runOnlyForDeploymentPostprocessing = 0;
		};
/* End PBXResourcesBuildPhase section */

/* Begin PBXSourcesBuildPhase section */
		7691BA932976C3F400477EDD /* Sources */ = {
			isa = PBXSourcesBuildPhase;
			buildActionMask = 2147483647;
			files = (
				765915262A0A70BB00A610BC /* RequestCodeButton.swift in Sources */,
				76A9F7202A09272200C162B1 /* SnabbleConfig.swift in Sources */,
				765915282A0A70BB00A610BC /* EnterCodeView.swift in Sources */,
				765915242A0A70BB00A610BC /* ButtonStyles.swift in Sources */,
				765915272A0A70BB00A610BC /* DebugView.swift in Sources */,
				76A9F7242A0A56DA00C162B1 /* ContentView.swift in Sources */,
				765915292A0A70BB00A610BC /* CountryCallingCodeView.swift in Sources */,
				7691BA9B2976C3F400477EDD /* PhoneLoginApp.swift in Sources */,
				7659152A2A0A70BB00A610BC /* CountDownView.swift in Sources */,
				765915252A0A70BB00A610BC /* EnterPhoneNumberView.swift in Sources */,
			);
			runOnlyForDeploymentPostprocessing = 0;
		};
		E17225442A0BB8A900377187 /* Sources */ = {
			isa = PBXSourcesBuildPhase;
			buildActionMask = 2147483647;
			files = (
				E172254B2A0BB8A900377187 /* PhoneLoginTests.swift in Sources */,
			);
			runOnlyForDeploymentPostprocessing = 0;
		};
/* End PBXSourcesBuildPhase section */

/* Begin PBXTargetDependency section */
		E17225432A0BB6A000377187 /* PBXTargetDependency */ = {
			isa = PBXTargetDependency;
			productRef = E17225422A0BB6A000377187 /* SwiftLintPlugin */;
		};
		E172254D2A0BB8A900377187 /* PBXTargetDependency */ = {
			isa = PBXTargetDependency;
			target = 7691BA962976C3F400477EDD /* PhoneLogin */;
			targetProxy = E172254C2A0BB8A900377187 /* PBXContainerItemProxy */;
		};
/* End PBXTargetDependency section */

/* Begin XCBuildConfiguration section */
		7691BAA42976C3F500477EDD /* Debug */ = {
			isa = XCBuildConfiguration;
			buildSettings = {
				ALWAYS_SEARCH_USER_PATHS = NO;
				CLANG_ANALYZER_NONNULL = YES;
				CLANG_ANALYZER_NUMBER_OBJECT_CONVERSION = YES_AGGRESSIVE;
				CLANG_CXX_LANGUAGE_STANDARD = "gnu++20";
				CLANG_ENABLE_MODULES = YES;
				CLANG_ENABLE_OBJC_ARC = YES;
				CLANG_ENABLE_OBJC_WEAK = YES;
				CLANG_WARN_BLOCK_CAPTURE_AUTORELEASING = YES;
				CLANG_WARN_BOOL_CONVERSION = YES;
				CLANG_WARN_COMMA = YES;
				CLANG_WARN_CONSTANT_CONVERSION = YES;
				CLANG_WARN_DEPRECATED_OBJC_IMPLEMENTATIONS = YES;
				CLANG_WARN_DIRECT_OBJC_ISA_USAGE = YES_ERROR;
				CLANG_WARN_DOCUMENTATION_COMMENTS = YES;
				CLANG_WARN_EMPTY_BODY = YES;
				CLANG_WARN_ENUM_CONVERSION = YES;
				CLANG_WARN_INFINITE_RECURSION = YES;
				CLANG_WARN_INT_CONVERSION = YES;
				CLANG_WARN_NON_LITERAL_NULL_CONVERSION = YES;
				CLANG_WARN_OBJC_IMPLICIT_RETAIN_SELF = YES;
				CLANG_WARN_OBJC_LITERAL_CONVERSION = YES;
				CLANG_WARN_OBJC_ROOT_CLASS = YES_ERROR;
				CLANG_WARN_QUOTED_INCLUDE_IN_FRAMEWORK_HEADER = YES;
				CLANG_WARN_RANGE_LOOP_ANALYSIS = YES;
				CLANG_WARN_STRICT_PROTOTYPES = YES;
				CLANG_WARN_SUSPICIOUS_MOVE = YES;
				CLANG_WARN_UNGUARDED_AVAILABILITY = YES_AGGRESSIVE;
				CLANG_WARN_UNREACHABLE_CODE = YES;
				CLANG_WARN__DUPLICATE_METHOD_MATCH = YES;
				COPY_PHASE_STRIP = NO;
				DEAD_CODE_STRIPPING = YES;
				DEBUG_INFORMATION_FORMAT = dwarf;
				ENABLE_STRICT_OBJC_MSGSEND = YES;
				ENABLE_TESTABILITY = YES;
				GCC_C_LANGUAGE_STANDARD = gnu11;
				GCC_DYNAMIC_NO_PIC = NO;
				GCC_NO_COMMON_BLOCKS = YES;
				GCC_OPTIMIZATION_LEVEL = 0;
				GCC_PREPROCESSOR_DEFINITIONS = (
					"DEBUG=1",
					"$(inherited)",
				);
				GCC_WARN_64_TO_32_BIT_CONVERSION = YES;
				GCC_WARN_ABOUT_RETURN_TYPE = YES_ERROR;
				GCC_WARN_UNDECLARED_SELECTOR = YES;
				GCC_WARN_UNINITIALIZED_AUTOS = YES_AGGRESSIVE;
				GCC_WARN_UNUSED_FUNCTION = YES;
				GCC_WARN_UNUSED_VARIABLE = YES;
				MTL_ENABLE_DEBUG_INFO = INCLUDE_SOURCE;
				MTL_FAST_MATH = YES;
				ONLY_ACTIVE_ARCH = YES;
				SWIFT_ACTIVE_COMPILATION_CONDITIONS = DEBUG;
				SWIFT_OPTIMIZATION_LEVEL = "-Onone";
			};
			name = Debug;
		};
		7691BAA52976C3F500477EDD /* Release */ = {
			isa = XCBuildConfiguration;
			buildSettings = {
				ALWAYS_SEARCH_USER_PATHS = NO;
				CLANG_ANALYZER_NONNULL = YES;
				CLANG_ANALYZER_NUMBER_OBJECT_CONVERSION = YES_AGGRESSIVE;
				CLANG_CXX_LANGUAGE_STANDARD = "gnu++20";
				CLANG_ENABLE_MODULES = YES;
				CLANG_ENABLE_OBJC_ARC = YES;
				CLANG_ENABLE_OBJC_WEAK = YES;
				CLANG_WARN_BLOCK_CAPTURE_AUTORELEASING = YES;
				CLANG_WARN_BOOL_CONVERSION = YES;
				CLANG_WARN_COMMA = YES;
				CLANG_WARN_CONSTANT_CONVERSION = YES;
				CLANG_WARN_DEPRECATED_OBJC_IMPLEMENTATIONS = YES;
				CLANG_WARN_DIRECT_OBJC_ISA_USAGE = YES_ERROR;
				CLANG_WARN_DOCUMENTATION_COMMENTS = YES;
				CLANG_WARN_EMPTY_BODY = YES;
				CLANG_WARN_ENUM_CONVERSION = YES;
				CLANG_WARN_INFINITE_RECURSION = YES;
				CLANG_WARN_INT_CONVERSION = YES;
				CLANG_WARN_NON_LITERAL_NULL_CONVERSION = YES;
				CLANG_WARN_OBJC_IMPLICIT_RETAIN_SELF = YES;
				CLANG_WARN_OBJC_LITERAL_CONVERSION = YES;
				CLANG_WARN_OBJC_ROOT_CLASS = YES_ERROR;
				CLANG_WARN_QUOTED_INCLUDE_IN_FRAMEWORK_HEADER = YES;
				CLANG_WARN_RANGE_LOOP_ANALYSIS = YES;
				CLANG_WARN_STRICT_PROTOTYPES = YES;
				CLANG_WARN_SUSPICIOUS_MOVE = YES;
				CLANG_WARN_UNGUARDED_AVAILABILITY = YES_AGGRESSIVE;
				CLANG_WARN_UNREACHABLE_CODE = YES;
				CLANG_WARN__DUPLICATE_METHOD_MATCH = YES;
				COPY_PHASE_STRIP = NO;
				DEAD_CODE_STRIPPING = YES;
				DEBUG_INFORMATION_FORMAT = "dwarf-with-dsym";
				ENABLE_NS_ASSERTIONS = NO;
				ENABLE_STRICT_OBJC_MSGSEND = YES;
				GCC_C_LANGUAGE_STANDARD = gnu11;
				GCC_NO_COMMON_BLOCKS = YES;
				GCC_WARN_64_TO_32_BIT_CONVERSION = YES;
				GCC_WARN_ABOUT_RETURN_TYPE = YES_ERROR;
				GCC_WARN_UNDECLARED_SELECTOR = YES;
				GCC_WARN_UNINITIALIZED_AUTOS = YES_AGGRESSIVE;
				GCC_WARN_UNUSED_FUNCTION = YES;
				GCC_WARN_UNUSED_VARIABLE = YES;
				MTL_ENABLE_DEBUG_INFO = NO;
				MTL_FAST_MATH = YES;
				SWIFT_COMPILATION_MODE = wholemodule;
				SWIFT_OPTIMIZATION_LEVEL = "-O";
			};
			name = Release;
		};
		7691BAA72976C3F500477EDD /* Debug */ = {
			isa = XCBuildConfiguration;
			buildSettings = {
				ASSETCATALOG_COMPILER_APPICON_NAME = AppIcon;
				ASSETCATALOG_COMPILER_GLOBAL_ACCENT_COLOR_NAME = AccentColor;
				CODE_SIGN_ENTITLEMENTS = PhoneLogin/PhoneLogin.entitlements;
				CODE_SIGN_STYLE = Automatic;
				CURRENT_PROJECT_VERSION = 1;
				DEAD_CODE_STRIPPING = YES;
				DEVELOPMENT_ASSET_PATHS = "\"PhoneLogin/Preview Content\"";
				DEVELOPMENT_TEAM = 53K7JS449L;
				ENABLE_HARDENED_RUNTIME = NO;
				ENABLE_PREVIEWS = YES;
				GENERATE_INFOPLIST_FILE = YES;
				INFOPLIST_FILE = PhoneLogin/Info.plist;
				"INFOPLIST_KEY_UIApplicationSceneManifest_Generation[sdk=iphoneos*]" = YES;
				"INFOPLIST_KEY_UIApplicationSceneManifest_Generation[sdk=iphonesimulator*]" = YES;
				"INFOPLIST_KEY_UIApplicationSupportsIndirectInputEvents[sdk=iphoneos*]" = YES;
				"INFOPLIST_KEY_UIApplicationSupportsIndirectInputEvents[sdk=iphonesimulator*]" = YES;
				"INFOPLIST_KEY_UILaunchScreen_Generation[sdk=iphoneos*]" = YES;
				"INFOPLIST_KEY_UILaunchScreen_Generation[sdk=iphonesimulator*]" = YES;
				"INFOPLIST_KEY_UIStatusBarStyle[sdk=iphoneos*]" = UIStatusBarStyleDefault;
				"INFOPLIST_KEY_UIStatusBarStyle[sdk=iphonesimulator*]" = UIStatusBarStyleDefault;
				INFOPLIST_KEY_UISupportedInterfaceOrientations = UIInterfaceOrientationPortrait;
				INFOPLIST_KEY_UISupportedInterfaceOrientations_iPad = "UIInterfaceOrientationLandscapeLeft UIInterfaceOrientationLandscapeRight UIInterfaceOrientationPortrait UIInterfaceOrientationPortraitUpsideDown";
				IPHONEOS_DEPLOYMENT_TARGET = 15.0;
				LD_RUNPATH_SEARCH_PATHS = "@executable_path/Frameworks";
				"LD_RUNPATH_SEARCH_PATHS[sdk=macosx*]" = "@executable_path/../Frameworks";
				MACOSX_DEPLOYMENT_TARGET = 13.1;
				MARKETING_VERSION = 1.0;
				PRODUCT_BUNDLE_IDENTIFIER = io.snabble.PhoneLogin;
				PRODUCT_NAME = "$(TARGET_NAME)";
				SDKROOT = auto;
				SUPPORTED_PLATFORMS = "iphoneos iphonesimulator";
				SUPPORTS_MACCATALYST = NO;
				SUPPORTS_MAC_DESIGNED_FOR_IPHONE_IPAD = NO;
				SWIFT_EMIT_LOC_STRINGS = YES;
				SWIFT_VERSION = 5.0;
				TARGETED_DEVICE_FAMILY = "1,2";
			};
			name = Debug;
		};
		7691BAA82976C3F500477EDD /* Release */ = {
			isa = XCBuildConfiguration;
			buildSettings = {
				ASSETCATALOG_COMPILER_APPICON_NAME = AppIcon;
				ASSETCATALOG_COMPILER_GLOBAL_ACCENT_COLOR_NAME = AccentColor;
				CODE_SIGN_ENTITLEMENTS = PhoneLogin/PhoneLogin.entitlements;
				CODE_SIGN_STYLE = Automatic;
				CURRENT_PROJECT_VERSION = 1;
				DEAD_CODE_STRIPPING = YES;
				DEVELOPMENT_ASSET_PATHS = "\"PhoneLogin/Preview Content\"";
				DEVELOPMENT_TEAM = 53K7JS449L;
				ENABLE_HARDENED_RUNTIME = NO;
				ENABLE_PREVIEWS = YES;
				GENERATE_INFOPLIST_FILE = YES;
				INFOPLIST_FILE = PhoneLogin/Info.plist;
				"INFOPLIST_KEY_UIApplicationSceneManifest_Generation[sdk=iphoneos*]" = YES;
				"INFOPLIST_KEY_UIApplicationSceneManifest_Generation[sdk=iphonesimulator*]" = YES;
				"INFOPLIST_KEY_UIApplicationSupportsIndirectInputEvents[sdk=iphoneos*]" = YES;
				"INFOPLIST_KEY_UIApplicationSupportsIndirectInputEvents[sdk=iphonesimulator*]" = YES;
				"INFOPLIST_KEY_UILaunchScreen_Generation[sdk=iphoneos*]" = YES;
				"INFOPLIST_KEY_UILaunchScreen_Generation[sdk=iphonesimulator*]" = YES;
				"INFOPLIST_KEY_UIStatusBarStyle[sdk=iphoneos*]" = UIStatusBarStyleDefault;
				"INFOPLIST_KEY_UIStatusBarStyle[sdk=iphonesimulator*]" = UIStatusBarStyleDefault;
				INFOPLIST_KEY_UISupportedInterfaceOrientations = UIInterfaceOrientationPortrait;
				INFOPLIST_KEY_UISupportedInterfaceOrientations_iPad = "UIInterfaceOrientationLandscapeLeft UIInterfaceOrientationLandscapeRight UIInterfaceOrientationPortrait UIInterfaceOrientationPortraitUpsideDown";
				IPHONEOS_DEPLOYMENT_TARGET = 15.0;
				LD_RUNPATH_SEARCH_PATHS = "@executable_path/Frameworks";
				"LD_RUNPATH_SEARCH_PATHS[sdk=macosx*]" = "@executable_path/../Frameworks";
				MACOSX_DEPLOYMENT_TARGET = 13.1;
				MARKETING_VERSION = 1.0;
				PRODUCT_BUNDLE_IDENTIFIER = io.snabble.PhoneLogin;
				PRODUCT_NAME = "$(TARGET_NAME)";
				SDKROOT = auto;
				SUPPORTED_PLATFORMS = "iphoneos iphonesimulator";
				SUPPORTS_MACCATALYST = NO;
				SUPPORTS_MAC_DESIGNED_FOR_IPHONE_IPAD = NO;
				SWIFT_EMIT_LOC_STRINGS = YES;
				SWIFT_VERSION = 5.0;
				TARGETED_DEVICE_FAMILY = "1,2";
			};
			name = Release;
		};
		E172254E2A0BB8A900377187 /* Debug */ = {
			isa = XCBuildConfiguration;
			buildSettings = {
				BUNDLE_LOADER = "$(TEST_HOST)";
				CODE_SIGN_STYLE = Automatic;
				CURRENT_PROJECT_VERSION = 1;
				DEVELOPMENT_TEAM = 53K7JS449L;
				GENERATE_INFOPLIST_FILE = YES;
				IPHONEOS_DEPLOYMENT_TARGET = 16.4;
				MARKETING_VERSION = 1.0;
				PRODUCT_BUNDLE_IDENTIFIER = io.snabble.PhoneLoginTests;
				PRODUCT_NAME = "$(TARGET_NAME)";
				SDKROOT = iphoneos;
				SWIFT_EMIT_LOC_STRINGS = NO;
				SWIFT_VERSION = 5.0;
				TARGETED_DEVICE_FAMILY = "1,2";
				TEST_HOST = "$(BUILT_PRODUCTS_DIR)/PhoneLogin.app/$(BUNDLE_EXECUTABLE_FOLDER_PATH)/PhoneLogin";
			};
			name = Debug;
		};
		E172254F2A0BB8A900377187 /* Release */ = {
			isa = XCBuildConfiguration;
			buildSettings = {
				BUNDLE_LOADER = "$(TEST_HOST)";
				CODE_SIGN_STYLE = Automatic;
				CURRENT_PROJECT_VERSION = 1;
				DEVELOPMENT_TEAM = 53K7JS449L;
				GENERATE_INFOPLIST_FILE = YES;
				IPHONEOS_DEPLOYMENT_TARGET = 16.4;
				MARKETING_VERSION = 1.0;
				PRODUCT_BUNDLE_IDENTIFIER = io.snabble.PhoneLoginTests;
				PRODUCT_NAME = "$(TARGET_NAME)";
				SDKROOT = iphoneos;
				SWIFT_EMIT_LOC_STRINGS = NO;
				SWIFT_VERSION = 5.0;
				TARGETED_DEVICE_FAMILY = "1,2";
				TEST_HOST = "$(BUILT_PRODUCTS_DIR)/PhoneLogin.app/$(BUNDLE_EXECUTABLE_FOLDER_PATH)/PhoneLogin";
				VALIDATE_PRODUCT = YES;
			};
			name = Release;
		};
/* End XCBuildConfiguration section */

/* Begin XCConfigurationList section */
		7691BA922976C3F400477EDD /* Build configuration list for PBXProject "PhoneLogin" */ = {
			isa = XCConfigurationList;
			buildConfigurations = (
				7691BAA42976C3F500477EDD /* Debug */,
				7691BAA52976C3F500477EDD /* Release */,
			);
			defaultConfigurationIsVisible = 0;
			defaultConfigurationName = Release;
		};
		7691BAA62976C3F500477EDD /* Build configuration list for PBXNativeTarget "PhoneLogin" */ = {
			isa = XCConfigurationList;
			buildConfigurations = (
				7691BAA72976C3F500477EDD /* Debug */,
				7691BAA82976C3F500477EDD /* Release */,
			);
			defaultConfigurationIsVisible = 0;
			defaultConfigurationName = Release;
		};
		E17225502A0BB8A900377187 /* Build configuration list for PBXNativeTarget "PhoneLoginTests" */ = {
			isa = XCConfigurationList;
			buildConfigurations = (
				E172254E2A0BB8A900377187 /* Debug */,
				E172254F2A0BB8A900377187 /* Release */,
			);
			defaultConfigurationIsVisible = 0;
			defaultConfigurationName = Release;
		};
/* End XCConfigurationList section */

/* Begin XCRemoteSwiftPackageReference section */
		E17225412A0BB69500377187 /* XCRemoteSwiftPackageReference "SwiftLint" */ = {
			isa = XCRemoteSwiftPackageReference;
			repositoryURL = "https://github.com/realm/SwiftLint.git";
			requirement = {
				kind = upToNextMajorVersion;
				minimumVersion = 0.51.0;
			};
		};
/* End XCRemoteSwiftPackageReference section */

/* Begin XCSwiftPackageProductDependency section */
		765914F82A0A5B0800A610BC /* SnabblePhoneAuth */ = {
			isa = XCSwiftPackageProductDependency;
			productName = SnabblePhoneAuth;
		};
		E17225422A0BB6A000377187 /* SwiftLintPlugin */ = {
			isa = XCSwiftPackageProductDependency;
			productName = "plugin:SwiftLintPlugin";
		};
/* End XCSwiftPackageProductDependency section */
	};
	rootObject = 7691BA8F2976C3F400477EDD /* Project object */;
}
